
Microsoft Visual Studio Solution File, Format Version 12.00
# Visual Studio 15
Project("{FAE04EC0-301F-11D3-BF4B-00C04F79EFBC}") = "Assembly-CSharp", "Assembly-CSharp.csproj", "{1F2C6B4B-E758-B1B8-AFF7-1CA0854BCC4F}"
EndProject
Project("{FAE04EC0-301F-11D3-BF4B-00C04F79EFBC}") = "AstarPathfindingProject", "AstarPathfindingProject.csproj", "{4452F904-76D2-08F4-C610-4BFF800F1B1B}"
EndProject
Project("{FAE04EC0-301F-11D3-BF4B-00C04F79EFBC}") = "AstarPathfindingProjectEditor", "AstarPathfindingProjectEditor.csproj", "{87EA1FA6-C511-F775-8D45-FB228B1E5E4F}"
EndProject
Project("{FAE04EC0-301F-11D3-BF4B-00C04F79EFBC}") = "PackageToolsEditor", "PackageToolsEditor.csproj", "{DBBCF6C5-E664-D262-BCDD-225F8B75A4CA}"
EndProject
Global
	GlobalSection(SolutionConfigurationPlatforms) = preSolution
		Debug|Any CPU = Debug|Any CPU
		Release|Any CPU = Release|Any CPU
	EndGlobalSection
	GlobalSection(ProjectConfigurationPlatforms) = postSolution
		{1F2C6B4B-E758-B1B8-AFF7-1CA0854BCC4F}.Debug|Any CPU.ActiveCfg = Debug|Any CPU
		{1F2C6B4B-E758-B1B8-AFF7-1CA0854BCC4F}.Debug|Any CPU.Build.0 = Debug|Any CPU
		{1F2C6B4B-E758-B1B8-AFF7-1CA0854BCC4F}.Release|Any CPU.ActiveCfg = Release|Any CPU
		{1F2C6B4B-E758-B1B8-AFF7-1CA0854BCC4F}.Release|Any CPU.Build.0 = Release|Any CPU
		{4452F904-76D2-08F4-C610-4BFF800F1B1B}.Debug|Any CPU.ActiveCfg = Debug|Any CPU
		{4452F904-76D2-08F4-C610-4BFF800F1B1B}.Debug|Any CPU.Build.0 = Debug|Any CPU
		{4452F904-76D2-08F4-C610-4BFF800F1B1B}.Release|Any CPU.ActiveCfg = Release|Any CPU
		{4452F904-76D2-08F4-C610-4BFF800F1B1B}.Release|Any CPU.Build.0 = Release|Any CPU
		{87EA1FA6-C511-F775-8D45-FB228B1E5E4F}.Debug|Any CPU.ActiveCfg = Debug|Any CPU
		{87EA1FA6-C511-F775-8D45-FB228B1E5E4F}.Debug|Any CPU.Build.0 = Debug|Any CPU
		{87EA1FA6-C511-F775-8D45-FB228B1E5E4F}.Release|Any CPU.ActiveCfg = Release|Any CPU
		{87EA1FA6-C511-F775-8D45-FB228B1E5E4F}.Release|Any CPU.Build.0 = Release|Any CPU
		{DBBCF6C5-E664-D262-BCDD-225F8B75A4CA}.Debug|Any CPU.ActiveCfg = Debug|Any CPU
		{DBBCF6C5-E664-D262-BCDD-225F8B75A4CA}.Debug|Any CPU.Build.0 = Debug|Any CPU
		{DBBCF6C5-E664-D262-BCDD-225F8B75A4CA}.Release|Any CPU.ActiveCfg = Release|Any CPU
		{DBBCF6C5-E664-D262-BCDD-225F8B75A4CA}.Release|Any CPU.Build.0 = Release|Any CPU
	EndGlobalSection
	GlobalSection(SolutionProperties) = preSolution
		HideSolutionNode = FALSE
	EndGlobalSection
EndGlobal
